
Microsoft Visual Studio Solution File, Format Version 12.00
# Visual Studio Version 17
VisualStudioVersion = 17.6.33829.357
MinimumVisualStudioVersion = 10.0.40219.1
Project("{FAE04EC0-301F-11D3-BF4B-00C04F79EFBC}") = "ChatGPT4TestModel", "ChatGPT4TestModel\ChatGPT4TestModel.csproj", "{2679BC0F-89D1-4C42-8189-44D9BEE797C9}"
EndProject
Project("{FAE04EC0-301F-11D3-BF4B-00C04F79EFBC}") = "ChatGPT4TestTest", "ChatGPT4TestTest\ChatGPT4TestTest.csproj", "{CE55DAE5-8E67-4630-8D30-2367BDD0DCC2}"
EndProject
Global
	GlobalSection(SolutionConfigurationPlatforms) = preSolution
		Debug|Any CPU = Debug|Any CPU
		Release|Any CPU = Release|Any CPU
	EndGlobalSection
	GlobalSection(ProjectConfigurationPlatforms) = postSolution
		{2679BC0F-89D1-4C42-8189-44D9BEE797C9}.Debug|Any CPU.ActiveCfg = Debug|Any CPU
		{2679BC0F-89D1-4C42-8189-44D9BEE797C9}.Debug|Any CPU.Build.0 = Debug|Any CPU
		{2679BC0F-89D1-4C42-8189-44D9BEE797C9}.Release|Any CPU.ActiveCfg = Release|Any CPU
		{2679BC0F-89D1-4C42-8189-44D9BEE797C9}.Release|Any CPU.Build.0 = Release|Any CPU
		{CE55DAE5-8E67-4630-8D30-2367BDD0DCC2}.Debug|Any CPU.ActiveCfg = Debug|Any CPU
		{CE55DAE5-8E67-4630-8D30-2367BDD0DCC2}.Debug|Any CPU.Build.0 = Debug|Any CPU
		{CE55DAE5-8E67-4630-8D30-2367BDD0DCC2}.Release|Any CPU.ActiveCfg = Release|Any CPU
		{CE55DAE5-8E67-4630-8D30-2367BDD0DCC2}.Release|Any CPU.Build.0 = Release|Any CPU
	EndGlobalSection
	GlobalSection(SolutionProperties) = preSolution
		HideSolutionNode = FALSE
	EndGlobalSection
	GlobalSection(ExtensibilityGlobals) = postSolution
		SolutionGuid = {3AF91B9C-2FA3-4D77-94AF-65E7630D2E92}
	EndGlobalSection
EndGlobal
